<Solution>
  <Project Path="06.OperationsBetweenNumbers/06.OperationsBetweenNumbers.csproj" Id="d6507472-a41c-4dfb-a1e4-b4874db8109e" />
  <Project Path="07.HotelRoom/07.HotelRoom.csproj" Id="9b900d62-daae-4547-a5bf-826d727fe3e4" />
  <Project Path="08.OnTimeFortheExam/08.OnTimeFortheExam.csproj" Id="862df635-a283-4103-b13e-efe62525df8e" />
  <Project Path="09.SkiTrip/09.SkiTrip.csproj" Id="671bb527-0086-4c72-9831-dbc0a73fa05d" />
  <Project Path="D:/Projects/SoftUni/C#_Introduction/03.ConditionalStatementsAdvanced_Exercise/01.Cinema/01.Cinema.csproj" />
  <Project Path="D:/Projects/SoftUni/C#_Introduction/03.ConditionalStatementsAdvanced_Exercise/02.SummerOutfit/02.SummerOutfit.csproj" />
  <Project Path="D:/Projects/SoftUni/C#_Introduction/03.ConditionalStatementsAdvanced_Exercise/03.NewHouse/03.NewHouse.csproj" />
  <Project Path="D:/Projects/SoftUni/C#_Introduction/03.ConditionalStatementsAdvanced_Exercise/04.FishingBoat/04.FishingBoat.csproj" />
  <Project Path="D:/Projects/SoftUni/C#_Introduction/03.ConditionalStatementsAdvanced_Exercise/05.Journey/05.Journey.csproj" />
</Solution>
