<Solution>
  <Project Path="03.TheImitationGame/03.TheImitationGame.csproj" Id="fa070551-5be0-4bfe-b3fb-26a78431b28d" />
  <Project Path="04.NeedForSpeedIII/04.NeedForSpeedIII.csproj" Id="a311b20f-3a41-419b-a670-68cd6af6d233" />
  <Project Path="D:/Projects/SoftUni/C#_Path/02.C#_Fundamentals/07.ExamPrep/01.CounterStrike/01.CounterStrike.csproj" />
  <Project Path="D:/Projects/SoftUni/C#_Path/02.C#_Fundamentals/07.ExamPrep/02.TreasureHunt/02.TreasureHunt.csproj" />
</Solution>
