<Solution>
  <Project Path="03.EvenOrOdd/03.EvenOrOdd.csproj" Id="a0950439-5d39-43af-b070-aa2195f40c2a" />
  <Project Path="04.PasswordGuess/04.PasswordGuess.csproj" Id="9f6e73f1-298e-4393-9a1e-7e4df911bf39" />
  <Project Path="05.Number100To200/05.Number100To200.csproj" Id="a15cb4f1-ea3a-4d2a-8db6-e9e82b3a8e7c" />
  <Project Path="06.SpeedInfo/06.SpeedInfo.csproj" Id="c8f1c57f-ddf2-404a-801a-8699ca505321" />
  <Project Path="07.AreaOfFigures/07.AreaOfFigures.csproj" Id="5ab9df60-8b2b-4e31-84b3-49ff53814cb8" />
  <Project Path="D:/Projects/SoftUni/C#_Introduction/02.ConditionalStatements_Lab/01.ExcellentResult/01.ExcellentResult.csproj" />
  <Project Path="D:/Projects/SoftUni/C#_Introduction/02.ConditionalStatements_Lab/02.GreaterNumber/02.GreaterNumber.csproj" Id="fe731f7b-4b67-4109-8315-b8ca97a2e110" />
</Solution>
