<Solution>
  <Project Path="D:/Projects/SoftUni/C#_Path/02.C#_Fundamentals/04.List_Exercise/01.Train/01.Train.csproj" />
  <Project Path="D:/Projects/SoftUni/C#_Path/02.C#_Fundamentals/04.List_Exercise/02.ChangeList/02.ChangeList.csproj" Id="9841e22e-3c25-4802-bd47-3a3065bf7e48" />
  <Project Path="D:/Projects/SoftUni/C#_Path/02.C#_Fundamentals/04.List_Exercise/03.HouseParty/03.HouseParty.csproj" Id="9d24bfcd-a7c7-410e-b1a2-15fc8420767a" />
  <Project Path="D:/Projects/SoftUni/C#_Path/02.C#_Fundamentals/04.List_Exercise/04.ListOperations/04.ListOperations.csproj" Id="dc95b4b0-58c3-4138-aad5-31f39f34c550" />
  <Project Path="D:/Projects/SoftUni/C#_Path/02.C#_Fundamentals/04.List_Exercise/05.BombNumbers/05.BombNumbers.csproj" Id="6f00951d-cf6c-4dba-8953-22cd30ebd57b" />
</Solution>
