<Solution>
  <Project Path="05.Students2.0/05.Students2.0.csproj" Id="a23a8cdd-25f4-4889-87b6-1cf4340a3ecb" />
  <Project Path="06.StoreBoxes/06.StoreBoxes.csproj" Id="78308ca7-36e5-4ce7-adbc-e1011124caac" />
  <Project Path="07.VehicleCatalogue/07.VehicleCatalogue.csproj" Id="8fc77d01-095b-41ce-84fb-d391d18780a7" />
  <Project Path="D:/Projects/SoftUni/C#_Path/03.C#_OOP/01.ObjectsAndClasses_Lab/01.RandomizeWords/01.RandomizeWords.csproj" />
  <Project Path="D:/Projects/SoftUni/C#_Path/03.C#_OOP/01.ObjectsAndClasses_Lab/02.BigFactorial/02.BigFactorial.csproj" />
  <Project Path="D:/Projects/SoftUni/C#_Path/03.C#_OOP/01.ObjectsAndClasses_Lab/03.Songs/03.Songs.csproj" />
  <Project Path="D:/Projects/SoftUni/C#_Path/03.C#_OOP/01.ObjectsAndClasses_Lab/04.Students/04.Students.csproj" Id="6657c970-d70e-46c1-84f9-c0d081ad914a" />
</Solution>
